
Microsoft Visual Studio Solution File, Format Version 12.00
# Visual Studio Version 16
VisualStudioVersion = 16.0.30503.244
MinimumVisualStudioVersion = 10.0.40219.1
Project("{FAE04EC0-301F-11D3-BF4B-00C04F79EFBC}") = "ImmiCanada", "ImmiCanada\ImmiCanada.csproj", "{70361B42-D1F6-4743-A0E4-A78895A4195E}"
EndProject
Global
	GlobalSection(SolutionConfigurationPlatforms) = preSolution
		Debug|Any CPU = Debug|Any CPU
		Release|Any CPU = Release|Any CPU
	EndGlobalSection
	GlobalSection(ProjectConfigurationPlatforms) = postSolution
		{70361B42-D1F6-4743-A0E4-A78895A4195E}.Debug|Any CPU.ActiveCfg = Debug|Any CPU
		{70361B42-D1F6-4743-A0E4-A78895A4195E}.Debug|Any CPU.Build.0 = Debug|Any CPU
		{70361B42-D1F6-4743-A0E4-A78895A4195E}.Release|Any CPU.ActiveCfg = Release|Any CPU
		{70361B42-D1F6-4743-A0E4-A78895A4195E}.Release|Any CPU.Build.0 = Release|Any CPU
	EndGlobalSection
	GlobalSection(SolutionProperties) = preSolution
		HideSolutionNode = FALSE
	EndGlobalSection
	GlobalSection(ExtensibilityGlobals) = postSolution
		SolutionGuid = {4A87B3A5-DFAC-487E-9957-838ED431AFBE}
	EndGlobalSection
EndGlobal
