{
  "requires": true,
  "lockfileVersion": 1,
  "dependencies": {
    "@angular/cdk": {
      "version": "11.2.1",
      "resolved": "https://registry.npmjs.org/@angular/cdk/-/cdk-11.2.1.tgz",
      "integrity": "sha512-d+ERvvWqGykBm5ooWG8TmMjL6q6aOpUd13ha1sx960EfKJqNyideYUfPMp6xprTyxmUIUZ/G9AQ/pxnzrLGnsA==",
      "requires": {
        "parse5": "^5.0.0",
        "tslib": "^2.0.0"
      }
    },
    "@angular/material": {
      "version": "11.2.1",
      "resolved": "https://registry.npmjs.org/@angular/material/-/material-11.2.1.tgz",
      "integrity": "sha512-unHC8W+GcZSNRNSZ4l3ABdbezf6PIUtShx5MMG6HXgieqlkEgkU0W0BAeGvO/61vl6yEebizMYD/+5yqM9lUlw==",
      "requires": {
        "tslib": "^2.0.0"
      }
    },
    "ng-pick-datetime": {
      "version": "7.0.0",
      "resolved": "https://registry.npmjs.org/ng-pick-datetime/-/ng-pick-datetime-7.0.0.tgz",
      "integrity": "sha512-SbS+zKX6gOlYpgH8zDSx2EL32ak0Z0y1Ksu1ECP/FiwVBM2mHgbzdfyDYhMmKFB0GKn5yCwXTandR1FCQXe62w=="
    },
    "parse5": {
      "version": "5.1.1",
      "resolved": "https://registry.npmjs.org/parse5/-/parse5-5.1.1.tgz",
      "integrity": "sha512-ugq4DFI0Ptb+WWjAdOK16+u/nHfiIrcE+sh8kZMaM0WllQKLI9rOUq6c2b7cwPkXdzfQESqvoqK6ug7U/Yyzug==",
      "optional": true
    },
    "rxjs-compat": {
      "version": "6.6.3",
      "resolved": "https://registry.npmjs.org/rxjs-compat/-/rxjs-compat-6.6.3.tgz",
      "integrity": "sha512-y+wUqq7bS2dG+7rH2fNMoxsDiJ32RQzFxZQE/JdtpnmEZmwLQrb1tCiItyHxdXJHXjmHnnzFscn3b6PEmORGKw=="
    },
    "tslib": {
      "version": "2.1.0",
      "resolved": "https://registry.npmjs.org/tslib/-/tslib-2.1.0.tgz",
      "integrity": "sha512-hcVC3wYEziELGGmEEXue7D75zbwIIVUMWAVbHItGPx0ziyXxrOMQx4rQEVEV45Ut/1IotuEvwqPopzIOkDMf0A=="
    }
  }
}
